
Microsoft Visual Studio Solution File, Format Version 12.00
Project("{FAE04EC0-301F-11D3-BF4B-00C04F79EFBC}") = "rabbitmq", "rabbitmq\rabbitmq.csproj", "{E1C00E60-5637-40C2-9BFE-46AC4E9E2D46}"
EndProject
Project("{FAE04EC0-301F-11D3-BF4B-00C04F79EFBC}") = "rabbitmqConsumer", "rabbitmqConsumer\rabbitmqConsumer.csproj", "{091A9E78-698E-494E-9935-DF24E101B606}"
EndProject
Global
	GlobalSection(SolutionConfigurationPlatforms) = preSolution
		Debug|Any CPU = Debug|Any CPU
		Release|Any CPU = Release|Any CPU
	EndGlobalSection
	GlobalSection(ProjectConfigurationPlatforms) = postSolution
		{E1C00E60-5637-40C2-9BFE-46AC4E9E2D46}.Debug|Any CPU.ActiveCfg = Debug|Any CPU
		{E1C00E60-5637-40C2-9BFE-46AC4E9E2D46}.Debug|Any CPU.Build.0 = Debug|Any CPU
		{E1C00E60-5637-40C2-9BFE-46AC4E9E2D46}.Release|Any CPU.ActiveCfg = Release|Any CPU
		{E1C00E60-5637-40C2-9BFE-46AC4E9E2D46}.Release|Any CPU.Build.0 = Release|Any CPU
		{091A9E78-698E-494E-9935-DF24E101B606}.Debug|Any CPU.ActiveCfg = Debug|Any CPU
		{091A9E78-698E-494E-9935-DF24E101B606}.Debug|Any CPU.Build.0 = Debug|Any CPU
		{091A9E78-698E-494E-9935-DF24E101B606}.Release|Any CPU.ActiveCfg = Release|Any CPU
		{091A9E78-698E-494E-9935-DF24E101B606}.Release|Any CPU.Build.0 = Release|Any CPU
	EndGlobalSection
EndGlobal
